// !$*UTF8*$!
{
	archiveVersion = 1;
	classes = {
	};
	objectVersion = 46;
	objects = {

/* Begin PBXBuildFile section */
		8399570B1E940C1B00E265B8 /* RepoViewController.swift in Sources */ = {isa = PBXBuildFile; fileRef = 8399570A1E940C1B00E265B8 /* RepoViewController.swift */; };
		8399570D1E940D5F00E265B8 /* UIExtensions.swift in Sources */ = {isa = PBXBuildFile; fileRef = 8399570C1E940D5F00E265B8 /* UIExtensions.swift */; };
		8399570F1E94195C00E265B8 /* Repository.swift in Sources */ = {isa = PBXBuildFile; fileRef = 8399570E1E94195C00E265B8 /* Repository.swift */; };
		839957121E944C8300E265B8 /* RepoCellNib.swift in Sources */ = {isa = PBXBuildFile; fileRef = 839957101E944C8300E265B8 /* RepoCellNib.swift */; };
		839957131E944C8300E265B8 /* RepoCellNib.xib in Resources */ = {isa = PBXBuildFile; fileRef = 839957111E944C8300E265B8 /* RepoCellNib.xib */; };
		839A4B111E956E800048F404 /* RepoDetailViewController.swift in Sources */ = {isa = PBXBuildFile; fileRef = 839A4B101E956E800048F404 /* RepoDetailViewController.swift */; };
		839A4B131E9570700048F404 /* CustomTransition.swift in Sources */ = {isa = PBXBuildFile; fileRef = 839A4B121E9570700048F404 /* CustomTransition.swift */; };
		83E7F1211E92AF770099D6F3 /* AppDelegate.swift in Sources */ = {isa = PBXBuildFile; fileRef = 83E7F1201E92AF770099D6F3 /* AppDelegate.swift */; };
		83E7F1261E92AF770099D6F3 /* Main.storyboard in Resources */ = {isa = PBXBuildFile; fileRef = 83E7F1241E92AF770099D6F3 /* Main.storyboard */; };
		83E7F1281E92AF770099D6F3 /* Assets.xcassets in Resources */ = {isa = PBXBuildFile; fileRef = 83E7F1271E92AF770099D6F3 /* Assets.xcassets */; };
		83E7F12B1E92AF770099D6F3 /* LaunchScreen.storyboard in Resources */ = {isa = PBXBuildFile; fileRef = 83E7F1291E92AF770099D6F3 /* LaunchScreen.storyboard */; };
		83E7F1331E92C91C0099D6F3 /* GitHub.swift in Sources */ = {isa = PBXBuildFile; fileRef = 83E7F1321E92C91C0099D6F3 /* GitHub.swift */; };
		83E7F1351E92CB6B0099D6F3 /* tokens.swift in Sources */ = {isa = PBXBuildFile; fileRef = 83E7F1341E92CB6B0099D6F3 /* tokens.swift */; };
		83E7F13B1E92CE770099D6F3 /* GitHubAuthController.swift in Sources */ = {isa = PBXBuildFile; fileRef = 83E7F13A1E92CE770099D6F3 /* GitHubAuthController.swift */; };
		83E7F1511E92EC310099D6F3 /* FoundationExtensions.swift in Sources */ = {isa = PBXBuildFile; fileRef = 83E7F1501E92EC310099D6F3 /* FoundationExtensions.swift */; };
/* End PBXBuildFile section */

/* Begin PBXFileReference section */
		8399570A1E940C1B00E265B8 /* RepoViewController.swift */ = {isa = PBXFileReference; fileEncoding = 4; lastKnownFileType = sourcecode.swift; path = RepoViewController.swift; sourceTree = "<group>"; };
		8399570C1E940D5F00E265B8 /* UIExtensions.swift */ = {isa = PBXFileReference; fileEncoding = 4; lastKnownFileType = sourcecode.swift; path = UIExtensions.swift; sourceTree = "<group>"; };
		8399570E1E94195C00E265B8 /* Repository.swift */ = {isa = PBXFileReference; fileEncoding = 4; lastKnownFileType = sourcecode.swift; path = Repository.swift; sourceTree = "<group>"; };
		839957101E944C8300E265B8 /* RepoCellNib.swift */ = {isa = PBXFileReference; fileEncoding = 4; lastKnownFileType = sourcecode.swift; path = RepoCellNib.swift; sourceTree = "<group>"; };
		839957111E944C8300E265B8 /* RepoCellNib.xib */ = {isa = PBXFileReference; fileEncoding = 4; lastKnownFileType = file.xib; path = RepoCellNib.xib; sourceTree = "<group>"; };
		839A4B101E956E800048F404 /* RepoDetailViewController.swift */ = {isa = PBXFileReference; fileEncoding = 4; lastKnownFileType = sourcecode.swift; path = RepoDetailViewController.swift; sourceTree = "<group>"; };
		839A4B121E9570700048F404 /* CustomTransition.swift */ = {isa = PBXFileReference; fileEncoding = 4; lastKnownFileType = sourcecode.swift; path = CustomTransition.swift; sourceTree = "<group>"; };
		83E7F11D1E92AF770099D6F3 /* github-client.app */ = {isa = PBXFileReference; explicitFileType = wrapper.application; includeInIndex = 0; path = "github-client.app"; sourceTree = BUILT_PRODUCTS_DIR; };
		83E7F1201E92AF770099D6F3 /* AppDelegate.swift */ = {isa = PBXFileReference; lastKnownFileType = sourcecode.swift; path = AppDelegate.swift; sourceTree = "<group>"; };
		83E7F1251E92AF770099D6F3 /* Base */ = {isa = PBXFileReference; lastKnownFileType = file.storyboard; name = Base; path = Base.lproj/Main.storyboard; sourceTree = "<group>"; };
		83E7F1271E92AF770099D6F3 /* Assets.xcassets */ = {isa = PBXFileReference; lastKnownFileType = folder.assetcatalog; path = Assets.xcassets; sourceTree = "<group>"; };
		83E7F12A1E92AF770099D6F3 /* Base */ = {isa = PBXFileReference; lastKnownFileType = file.storyboard; name = Base; path = Base.lproj/LaunchScreen.storyboard; sourceTree = "<group>"; };
		83E7F12C1E92AF770099D6F3 /* Info.plist */ = {isa = PBXFileReference; lastKnownFileType = text.plist.xml; path = Info.plist; sourceTree = "<group>"; };
		83E7F1321E92C91C0099D6F3 /* GitHub.swift */ = {isa = PBXFileReference; fileEncoding = 4; lastKnownFileType = sourcecode.swift; path = GitHub.swift; sourceTree = "<group>"; };
		83E7F1341E92CB6B0099D6F3 /* tokens.swift */ = {isa = PBXFileReference; fileEncoding = 4; lastKnownFileType = sourcecode.swift; path = tokens.swift; sourceTree = "<group>"; };
		83E7F13A1E92CE770099D6F3 /* GitHubAuthController.swift */ = {isa = PBXFileReference; fileEncoding = 4; lastKnownFileType = sourcecode.swift; path = GitHubAuthController.swift; sourceTree = "<group>"; };
		83E7F1501E92EC310099D6F3 /* FoundationExtensions.swift */ = {isa = PBXFileReference; fileEncoding = 4; lastKnownFileType = sourcecode.swift; path = FoundationExtensions.swift; sourceTree = "<group>"; };
/* End PBXFileReference section */

/* Begin PBXFrameworksBuildPhase section */
		83E7F11A1E92AF770099D6F3 /* Frameworks */ = {
			isa = PBXFrameworksBuildPhase;
			buildActionMask = 2147483647;
			files = (
			);
			runOnlyForDeploymentPostprocessing = 0;
		};
/* End PBXFrameworksBuildPhase section */

/* Begin PBXGroup section */
		83E7F1141E92AF770099D6F3 = {
			isa = PBXGroup;
			children = (
				83E7F11F1E92AF770099D6F3 /* github-client */,
				83E7F11E1E92AF770099D6F3 /* Products */,
			);
			sourceTree = "<group>";
		};
		83E7F11E1E92AF770099D6F3 /* Products */ = {
			isa = PBXGroup;
			children = (
				83E7F11D1E92AF770099D6F3 /* github-client.app */,
			);
			name = Products;
			sourceTree = "<group>";
		};
		83E7F11F1E92AF770099D6F3 /* github-client */ = {
			isa = PBXGroup;
			children = (
				83E7F1361E92CB760099D6F3 /* Model */,
				83E7F1371E92CB830099D6F3 /* View */,
				83E7F1381E92CBA00099D6F3 /* Controller */,
				83E7F1391E92CBAB0099D6F3 /* Support */,
			);
			path = "github-client";
			sourceTree = "<group>";
		};
		83E7F1361E92CB760099D6F3 /* Model */ = {
			isa = PBXGroup;
			children = (
				83E7F1501E92EC310099D6F3 /* FoundationExtensions.swift */,
				83E7F1321E92C91C0099D6F3 /* GitHub.swift */,
				8399570C1E940D5F00E265B8 /* UIExtensions.swift */,
				8399570E1E94195C00E265B8 /* Repository.swift */,
			);
			name = Model;
			sourceTree = "<group>";
		};
		83E7F1371E92CB830099D6F3 /* View */ = {
			isa = PBXGroup;
			children = (
				83E7F1291E92AF770099D6F3 /* LaunchScreen.storyboard */,
				83E7F1241E92AF770099D6F3 /* Main.storyboard */,
				839957101E944C8300E265B8 /* RepoCellNib.swift */,
				839957111E944C8300E265B8 /* RepoCellNib.xib */,
			);
			name = View;
			sourceTree = "<group>";
		};
		83E7F1381E92CBA00099D6F3 /* Controller */ = {
			isa = PBXGroup;
			children = (
				839A4B121E9570700048F404 /* CustomTransition.swift */,
				83E7F13A1E92CE770099D6F3 /* GitHubAuthController.swift */,
				839A4B101E956E800048F404 /* RepoDetailViewController.swift */,
				8399570A1E940C1B00E265B8 /* RepoViewController.swift */,
			);
			name = Controller;
			sourceTree = "<group>";
		};
		83E7F1391E92CBAB0099D6F3 /* Support */ = {
			isa = PBXGroup;
			children = (
				83E7F12C1E92AF770099D6F3 /* Info.plist */,
				83E7F1201E92AF770099D6F3 /* AppDelegate.swift */,
				83E7F1271E92AF770099D6F3 /* Assets.xcassets */,
				83E7F1341E92CB6B0099D6F3 /* tokens.swift */,
			);
			name = Support;
			sourceTree = "<group>";
		};
/* End PBXGroup section */

/* Begin PBXNativeTarget section */
		83E7F11C1E92AF770099D6F3 /* github-client */ = {
			isa = PBXNativeTarget;
			buildConfigurationList = 83E7F12F1E92AF770099D6F3 /* Build configuration list for PBXNativeTarget "github-client" */;
			buildPhases = (
				83E7F1191E92AF770099D6F3 /* Sources */,
				83E7F11A1E92AF770099D6F3 /* Frameworks */,
				83E7F11B1E92AF770099D6F3 /* Resources */,
			);
			buildRules = (
			);
			dependencies = (
			);
			name = "github-client";
			productName = "github-client";
			productReference = 83E7F11D1E92AF770099D6F3 /* github-client.app */;
			productType = "com.apple.product-type.application";
		};
/* End PBXNativeTarget section */

/* Begin PBXProject section */
		83E7F1151E92AF770099D6F3 /* Project object */ = {
			isa = PBXProject;
			attributes = {
				LastSwiftUpdateCheck = 0830;
				LastUpgradeCheck = 0830;
				ORGANIZATIONNAME = "Mike Miksch";
				TargetAttributes = {
					83E7F11C1E92AF770099D6F3 = {
						CreatedOnToolsVersion = 8.3;
						DevelopmentTeam = NM45JY8S5A;
						ProvisioningStyle = Automatic;
					};
				};
			};
			buildConfigurationList = 83E7F1181E92AF770099D6F3 /* Build configuration list for PBXProject "github-client" */;
			compatibilityVersion = "Xcode 3.2";
			developmentRegion = English;
			hasScannedForEncodings = 0;
			knownRegions = (
				en,
				Base,
			);
			mainGroup = 83E7F1141E92AF770099D6F3;
			productRefGroup = 83E7F11E1E92AF770099D6F3 /* Products */;
			projectDirPath = "";
			projectRoot = "";
			targets = (
				83E7F11C1E92AF770099D6F3 /* github-client */,
			);
		};
/* End PBXProject section */

/* Begin PBXResourcesBuildPhase section */
		83E7F11B1E92AF770099D6F3 /* Resources */ = {
			isa = PBXResourcesBuildPhase;
			buildActionMask = 2147483647;
			files = (
				83E7F12B1E92AF770099D6F3 /* LaunchScreen.storyboard in Resources */,
				83E7F1281E92AF770099D6F3 /* Assets.xcassets in Resources */,
				83E7F1261E92AF770099D6F3 /* Main.storyboard in Resources */,
				839957131E944C8300E265B8 /* RepoCellNib.xib in Resources */,
			);
			runOnlyForDeploymentPostprocessing = 0;
		};
/* End PBXResourcesBuildPhase section */

/* Begin PBXSourcesBuildPhase section */
		83E7F1191E92AF770099D6F3 /* Sources */ = {
			isa = PBXSourcesBuildPhase;
			buildActionMask = 2147483647;
			files = (
				83E7F1331E92C91C0099D6F3 /* GitHub.swift in Sources */,
				8399570D1E940D5F00E265B8 /* UIExtensions.swift in Sources */,
				839A4B131E9570700048F404 /* CustomTransition.swift in Sources */,
				83E7F1511E92EC310099D6F3 /* FoundationExtensions.swift in Sources */,
				8399570F1E94195C00E265B8 /* Repository.swift in Sources */,
				839957121E944C8300E265B8 /* RepoCellNib.swift in Sources */,
				8399570B1E940C1B00E265B8 /* RepoViewController.swift in Sources */,
				83E7F1211E92AF770099D6F3 /* AppDelegate.swift in Sources */,
				839A4B111E956E800048F404 /* RepoDetailViewController.swift in Sources */,
				83E7F13B1E92CE770099D6F3 /* GitHubAuthController.swift in Sources */,
				83E7F1351E92CB6B0099D6F3 /* tokens.swift in Sources */,
			);
			runOnlyForDeploymentPostprocessing = 0;
		};
/* End PBXSourcesBuildPhase section */

/* Begin PBXVariantGroup section */
		83E7F1241E92AF770099D6F3 /* Main.storyboard */ = {
			isa = PBXVariantGroup;
			children = (
				83E7F1251E92AF770099D6F3 /* Base */,
			);
			name = Main.storyboard;
			sourceTree = "<group>";
		};
		83E7F1291E92AF770099D6F3 /* LaunchScreen.storyboard */ = {
			isa = PBXVariantGroup;
			children = (
				83E7F12A1E92AF770099D6F3 /* Base */,
			);
			name = LaunchScreen.storyboard;
			sourceTree = "<group>";
		};
/* End PBXVariantGroup section */

/* Begin XCBuildConfiguration section */
		83E7F12D1E92AF770099D6F3 /* Debug */ = {
			isa = XCBuildConfiguration;
			buildSettings = {
				ALWAYS_SEARCH_USER_PATHS = NO;
				CLANG_ANALYZER_NONNULL = YES;
				CLANG_ANALYZER_NUMBER_OBJECT_CONVERSION = YES_AGGRESSIVE;
				CLANG_CXX_LANGUAGE_STANDARD = "gnu++0x";
				CLANG_CXX_LIBRARY = "libc++";
				CLANG_ENABLE_MODULES = YES;
				CLANG_ENABLE_OBJC_ARC = YES;
				CLANG_WARN_BOOL_CONVERSION = YES;
				CLANG_WARN_CONSTANT_CONVERSION = YES;
				CLANG_WARN_DIRECT_OBJC_ISA_USAGE = YES_ERROR;
				CLANG_WARN_DOCUMENTATION_COMMENTS = YES;
				CLANG_WARN_EMPTY_BODY = YES;
				CLANG_WARN_ENUM_CONVERSION = YES;
				CLANG_WARN_INFINITE_RECURSION = YES;
				CLANG_WARN_INT_CONVERSION = YES;
				CLANG_WARN_OBJC_ROOT_CLASS = YES_ERROR;
				CLANG_WARN_SUSPICIOUS_MOVE = YES;
				CLANG_WARN_UNREACHABLE_CODE = YES;
				CLANG_WARN__DUPLICATE_METHOD_MATCH = YES;
				"CODE_SIGN_IDENTITY[sdk=iphoneos*]" = "iPhone Developer";
				COPY_PHASE_STRIP = NO;
				DEBUG_INFORMATION_FORMAT = dwarf;
				ENABLE_STRICT_OBJC_MSGSEND = YES;
				ENABLE_TESTABILITY = YES;
				GCC_C_LANGUAGE_STANDARD = gnu99;
				GCC_DYNAMIC_NO_PIC = NO;
				GCC_NO_COMMON_BLOCKS = YES;
				GCC_OPTIMIZATION_LEVEL = 0;
				GCC_PREPROCESSOR_DEFINITIONS = (
					"DEBUG=1",
					"$(inherited)",
				);
				GCC_WARN_64_TO_32_BIT_CONVERSION = YES;
				GCC_WARN_ABOUT_RETURN_TYPE = YES_ERROR;
				GCC_WARN_UNDECLARED_SELECTOR = YES;
				GCC_WARN_UNINITIALIZED_AUTOS = YES_AGGRESSIVE;
				GCC_WARN_UNUSED_FUNCTION = YES;
				GCC_WARN_UNUSED_VARIABLE = YES;
				IPHONEOS_DEPLOYMENT_TARGET = 10.3;
				MTL_ENABLE_DEBUG_INFO = YES;
				ONLY_ACTIVE_ARCH = YES;
				SDKROOT = iphoneos;
				SWIFT_ACTIVE_COMPILATION_CONDITIONS = DEBUG;
				SWIFT_OPTIMIZATION_LEVEL = "-Onone";
			};
			name = Debug;
		};
		83E7F12E1E92AF770099D6F3 /* Release */ = {
			isa = XCBuildConfiguration;
			buildSettings = {
				ALWAYS_SEARCH_USER_PATHS = NO;
				CLANG_ANALYZER_NONNULL = YES;
				CLANG_ANALYZER_NUMBER_OBJECT_CONVERSION = YES_AGGRESSIVE;
				CLANG_CXX_LANGUAGE_STANDARD = "gnu++0x";
				CLANG_CXX_LIBRARY = "libc++";
				CLANG_ENABLE_MODULES = YES;
				CLANG_ENABLE_OBJC_ARC = YES;
				CLANG_WARN_BOOL_CONVERSION = YES;
				CLANG_WARN_CONSTANT_CONVERSION = YES;
				CLANG_WARN_DIRECT_OBJC_ISA_USAGE = YES_ERROR;
				CLANG_WARN_DOCUMENTATION_COMMENTS = YES;
				CLANG_WARN_EMPTY_BODY = YES;
				CLANG_WARN_ENUM_CONVERSION = YES;
				CLANG_WARN_INFINITE_RECURSION = YES;
				CLANG_WARN_INT_CONVERSION = YES;
				CLANG_WARN_OBJC_ROOT_CLASS = YES_ERROR;
				CLANG_WARN_SUSPICIOUS_MOVE = YES;
				CLANG_WARN_UNREACHABLE_CODE = YES;
				CLANG_WARN__DUPLICATE_METHOD_MATCH = YES;
				"CODE_SIGN_IDENTITY[sdk=iphoneos*]" = "iPhone Developer";
				COPY_PHASE_STRIP = NO;
				DEBUG_INFORMATION_FORMAT = "dwarf-with-dsym";
				ENABLE_NS_ASSERTIONS = NO;
				ENABLE_STRICT_OBJC_MSGSEND = YES;
				GCC_C_LANGUAGE_STANDARD = gnu99;
				GCC_NO_COMMON_BLOCKS = YES;
				GCC_WARN_64_TO_32_BIT_CONVERSION = YES;
				GCC_WARN_ABOUT_RETURN_TYPE = YES_ERROR;
				GCC_WARN_UNDECLARED_SELECTOR = YES;
				GCC_WARN_UNINITIALIZED_AUTOS = YES_AGGRESSIVE;
				GCC_WARN_UNUSED_FUNCTION = YES;
				GCC_WARN_UNUSED_VARIABLE = YES;
				IPHONEOS_DEPLOYMENT_TARGET = 10.3;
				MTL_ENABLE_DEBUG_INFO = NO;
				SDKROOT = iphoneos;
				SWIFT_OPTIMIZATION_LEVEL = "-Owholemodule";
				VALIDATE_PRODUCT = YES;
			};
			name = Release;
		};
		83E7F1301E92AF770099D6F3 /* Debug */ = {
			isa = XCBuildConfiguration;
			buildSettings = {
				ASSETCATALOG_COMPILER_APPICON_NAME = AppIcon;
				DEVELOPMENT_TEAM = NM45JY8S5A;
				INFOPLIST_FILE = "github-client/Info.plist";
				LD_RUNPATH_SEARCH_PATHS = "$(inherited) @executable_path/Frameworks";
				PRODUCT_BUNDLE_IDENTIFIER = "com.mikemiksch.github-client";
				PRODUCT_NAME = "$(TARGET_NAME)";
				SWIFT_VERSION = 3.0;
			};
			name = Debug;
		};
		83E7F1311E92AF770099D6F3 /* Release */ = {
			isa = XCBuildConfiguration;
			buildSettings = {
				ASSETCATALOG_COMPILER_APPICON_NAME = AppIcon;
				DEVELOPMENT_TEAM = NM45JY8S5A;
				INFOPLIST_FILE = "github-client/Info.plist";
				LD_RUNPATH_SEARCH_PATHS = "$(inherited) @executable_path/Frameworks";
				PRODUCT_BUNDLE_IDENTIFIER = "com.mikemiksch.github-client";
				PRODUCT_NAME = "$(TARGET_NAME)";
				SWIFT_VERSION = 3.0;
			};
			name = Release;
		};
/* End XCBuildConfiguration section */

/* Begin XCConfigurationList section */
		83E7F1181E92AF770099D6F3 /* Build configuration list for PBXProject "github-client" */ = {
			isa = XCConfigurationList;
			buildConfigurations = (
				83E7F12D1E92AF770099D6F3 /* Debug */,
				83E7F12E1E92AF770099D6F3 /* Release */,
			);
			defaultConfigurationIsVisible = 0;
			defaultConfigurationName = Release;
		};
		83E7F12F1E92AF770099D6F3 /* Build configuration list for PBXNativeTarget "github-client" */ = {
			isa = XCConfigurationList;
			buildConfigurations = (
				83E7F1301E92AF770099D6F3 /* Debug */,
				83E7F1311E92AF770099D6F3 /* Release */,
			);
			defaultConfigurationIsVisible = 0;
			defaultConfigurationName = Release;
		};
/* End XCConfigurationList section */
	};
	rootObject = 83E7F1151E92AF770099D6F3 /* Project object */;
}
